<?xml version="1.0" encoding="utf-8"?>
<Project ToolsVersion="4.0" xmlns="http://schemas.microsoft.com/developer/msbuild/2003">
  <ItemGroup>
    <Filter Include="Source Files">
      <UniqueIdentifier>{4FC737F1-C7A5-4376-A066-2A32D752A2FF}</UniqueIdentifier>
      <Extensions>cpp;c;cc;cxx;def;odl;idl;hpj;bat;asm;asmx</Extensions>
    </Filter>
    <Filter Include="Header Files">
      <UniqueIdentifier>{93995380-89BD-4b04-88EB-625FBE52EBFB}</UniqueIdentifier>
      <Extensions>h;hh;hpp;hxx;hm;inl;inc;xsd</Extensions>
    </Filter>
    <Filter Include="Resource Files">
      <UniqueIdentifier>{67DA6AB6-F800-4c08-8B7A-83BB121AAD01}</UniqueIdentifier>
      <Extensions>rc;ico;cur;bmp;dlg;rc2;rct;bin;rgs;gif;jpg;jpeg;jpe;resx;tiff;tif;png;wav;mfcribbon-ms</Extensions>
    </Filter>
  </ItemGroup>
  <ItemGroup>
    <ClInclude Include="VirtualMachine.h">
      <Filter>Header Files</Filter>
    </ClInclude>
  </ItemGroup>
  <ItemGroup>
    <ClCompile Include="main.cpp">
      <Filter>Source Files</Filter>
    </ClCompile>
    <ClCompile Include="VirtualMachine.cpp">
      <Filter>Source Files</Filter>
    </ClCompile>
  </ItemGroup>
  <ItemGroup>
    <None Include="test01.bin">
      <Filter>Resource Files</Filter>
    </None>
    <None Include="test02.bin">
      <Filter>Resource Files</Filter>
    </None>
    <None Include="test03.bin">
      <Filter>Resource Files</Filter>
    </None>
    <None Include="task1.bin">
      <Filter>Resource Files</Filter>
    </None>
    <None Include="test04.bin">
      <Filter>Resource Files</Filter>
    </None>
    <None Include="test05.bin">
      <Filter>Resource Files</Filter>
    </None>
    <None Include="test06.bin">
      <Filter>Resource Files</Filter>
    </None>
    <None Include="test07.bin">
      <Filter>Resource Files</Filter>
    </None>
    <None Include="test08.bin">
      <Filter>Resource Files</Filter>
    </None>
    <None Include="test09.bin">
      <Filter>Resource Files</Filter>
    </None>
    <None Include="test10.bin">
      <Filter>Resource Files</Filter>
    </None>
    <None Include="test11.bin">
      <Filter>Resource Files</Filter>
    </None>
    <None Include="test12.bin">
      <Filter>Resource Files</Filter>
    </None>
    <None Include="test13.bin">
      <Filter>Resource Files</Filter>
    </None>
    <None Include="test14.bin">
      <Filter>Resource Files</Filter>
    </None>
    <None Include="test15.bin">
      <Filter>Resource Files</Filter>
    </None>
    <None Include="test16.bin">
      <Filter>Resource Files</Filter>
    </None>
    <None Include="test17.bin">
      <Filter>Resource Files</Filter>
    </None>
    <None Include="test18.bin">
      <Filter>Resource Files</Filter>
    </None>
    <None Include="test19.bin">
      <Filter>Resource Files</Filter>
    </None>
    <None Include="test20.bin">
      <Filter>Resource Files</Filter>
    </None>
    <None Include="test21.bin">
      <Filter>Resource Files</Filter>
    </None>
    <None Include="test22.bin">
      <Filter>Resource Files</Filter>
    </None>
    <None Include="test23.bin">
      <Filter>Resource Files</Filter>
    </None>
    <None Include="test24.bin">
      <Filter>Resource Files</Filter>
    </None>
    <None Include="test25.bin">
      <Filter>Resource Files</Filter>
    </None>
    <None Include="task2.bin">
      <Filter>Resource Files</Filter>
    </None>
  </ItemGroup>
</Project>